
Microsoft Visual Studio Solution File, Format Version 12.00
# Visual Studio Version 17
VisualStudioVersion = 17.5.002.0
MinimumVisualStudioVersion = 10.0.40219.1
Project("{9A19103F-16F7-4668-BE54-9A1E7A4F7556}") = "Alternating_sum_of_numbers", "Alternating_sum_of_numbers.csproj", "{7AC69650-F62C-49BA-A6C5-36296EF0F919}"
EndProject
Global
	GlobalSection(SolutionConfigurationPlatforms) = preSolution
		Debug|Any CPU = Debug|Any CPU
		Release|Any CPU = Release|Any CPU
	EndGlobalSection
	GlobalSection(ProjectConfigurationPlatforms) = postSolution
		{7AC69650-F62C-49BA-A6C5-36296EF0F919}.Debug|Any CPU.ActiveCfg = Debug|Any CPU
		{7AC69650-F62C-49BA-A6C5-36296EF0F919}.Debug|Any CPU.Build.0 = Debug|Any CPU
		{7AC69650-F62C-49BA-A6C5-36296EF0F919}.Release|Any CPU.ActiveCfg = Release|Any CPU
		{7AC69650-F62C-49BA-A6C5-36296EF0F919}.Release|Any CPU.Build.0 = Release|Any CPU
	EndGlobalSection
	GlobalSection(SolutionProperties) = preSolution
		HideSolutionNode = FALSE
	EndGlobalSection
	GlobalSection(ExtensibilityGlobals) = postSolution
		SolutionGuid = {FC198A69-9F2C-4271-B4F9-2F9BB29A9A01}
	EndGlobalSection
EndGlobal
