
Microsoft Visual Studio Solution File, Format Version 12.00
# Visual Studio Version 17
VisualStudioVersion = 17.5.002.0
MinimumVisualStudioVersion = 10.0.40219.1
Project("{9A19103F-16F7-4668-BE54-9A1E7A4F7556}") = "For_Loop", "For_Loop.csproj", "{6A4471FE-8CF6-480E-9A4C-54AD09BC58E1}"
EndProject
Global
	GlobalSection(SolutionConfigurationPlatforms) = preSolution
		Debug|Any CPU = Debug|Any CPU
		Release|Any CPU = Release|Any CPU
	EndGlobalSection
	GlobalSection(ProjectConfigurationPlatforms) = postSolution
		{6A4471FE-8CF6-480E-9A4C-54AD09BC58E1}.Debug|Any CPU.ActiveCfg = Debug|Any CPU
		{6A4471FE-8CF6-480E-9A4C-54AD09BC58E1}.Debug|Any CPU.Build.0 = Debug|Any CPU
		{6A4471FE-8CF6-480E-9A4C-54AD09BC58E1}.Release|Any CPU.ActiveCfg = Release|Any CPU
		{6A4471FE-8CF6-480E-9A4C-54AD09BC58E1}.Release|Any CPU.Build.0 = Release|Any CPU
	EndGlobalSection
	GlobalSection(SolutionProperties) = preSolution
		HideSolutionNode = FALSE
	EndGlobalSection
	GlobalSection(ExtensibilityGlobals) = postSolution
		SolutionGuid = {C5D968B1-21AD-406E-A7EB-30134B884814}
	EndGlobalSection
EndGlobal
