
Microsoft Visual Studio Solution File, Format Version 12.00
# Visual Studio Version 17
VisualStudioVersion = 17.5.002.0
MinimumVisualStudioVersion = 10.0.40219.1
Project("{9A19103F-16F7-4668-BE54-9A1E7A4F7556}") = "Wrong_Subtraction", "Wrong_Subtraction.csproj", "{DFC158CC-D06F-4280-A5F7-1B2BE566D428}"
EndProject
Global
	GlobalSection(SolutionConfigurationPlatforms) = preSolution
		Debug|Any CPU = Debug|Any CPU
		Release|Any CPU = Release|Any CPU
	EndGlobalSection
	GlobalSection(ProjectConfigurationPlatforms) = postSolution
		{DFC158CC-D06F-4280-A5F7-1B2BE566D428}.Debug|Any CPU.ActiveCfg = Debug|Any CPU
		{DFC158CC-D06F-4280-A5F7-1B2BE566D428}.Debug|Any CPU.Build.0 = Debug|Any CPU
		{DFC158CC-D06F-4280-A5F7-1B2BE566D428}.Release|Any CPU.ActiveCfg = Release|Any CPU
		{DFC158CC-D06F-4280-A5F7-1B2BE566D428}.Release|Any CPU.Build.0 = Release|Any CPU
	EndGlobalSection
	GlobalSection(SolutionProperties) = preSolution
		HideSolutionNode = FALSE
	EndGlobalSection
	GlobalSection(ExtensibilityGlobals) = postSolution
		SolutionGuid = {C0BD5E06-12C4-4A88-B71A-BF35D0E160BE}
	EndGlobalSection
EndGlobal
