
Microsoft Visual Studio Solution File, Format Version 12.00
# Visual Studio Version 17
VisualStudioVersion = 17.5.002.0
MinimumVisualStudioVersion = 10.0.40219.1
Project("{9A19103F-16F7-4668-BE54-9A1E7A4F7556}") = "Too_Long_Numbers", "Too_Long_Numbers.csproj", "{5E2EB87C-D245-4D16-B869-E5EBEA07222C}"
EndProject
Global
	GlobalSection(SolutionConfigurationPlatforms) = preSolution
		Debug|Any CPU = Debug|Any CPU
		Release|Any CPU = Release|Any CPU
	EndGlobalSection
	GlobalSection(ProjectConfigurationPlatforms) = postSolution
		{5E2EB87C-D245-4D16-B869-E5EBEA07222C}.Debug|Any CPU.ActiveCfg = Debug|Any CPU
		{5E2EB87C-D245-4D16-B869-E5EBEA07222C}.Debug|Any CPU.Build.0 = Debug|Any CPU
		{5E2EB87C-D245-4D16-B869-E5EBEA07222C}.Release|Any CPU.ActiveCfg = Release|Any CPU
		{5E2EB87C-D245-4D16-B869-E5EBEA07222C}.Release|Any CPU.Build.0 = Release|Any CPU
	EndGlobalSection
	GlobalSection(SolutionProperties) = preSolution
		HideSolutionNode = FALSE
	EndGlobalSection
	GlobalSection(ExtensibilityGlobals) = postSolution
		SolutionGuid = {6ECE3607-9240-4F49-9105-3B587FD74512}
	EndGlobalSection
EndGlobal
