
Microsoft Visual Studio Solution File, Format Version 12.00
# Visual Studio Version 17
VisualStudioVersion = 17.5.002.0
MinimumVisualStudioVersion = 10.0.40219.1
Project("{9A19103F-16F7-4668-BE54-9A1E7A4F7556}") = ".Parse()", ".Parse().csproj", "{EAADA175-83DA-46CA-B603-8F8C66E34703}"
EndProject
Global
	GlobalSection(SolutionConfigurationPlatforms) = preSolution
		Debug|Any CPU = Debug|Any CPU
		Release|Any CPU = Release|Any CPU
	EndGlobalSection
	GlobalSection(ProjectConfigurationPlatforms) = postSolution
		{EAADA175-83DA-46CA-B603-8F8C66E34703}.Debug|Any CPU.ActiveCfg = Debug|Any CPU
		{EAADA175-83DA-46CA-B603-8F8C66E34703}.Debug|Any CPU.Build.0 = Debug|Any CPU
		{EAADA175-83DA-46CA-B603-8F8C66E34703}.Release|Any CPU.ActiveCfg = Release|Any CPU
		{EAADA175-83DA-46CA-B603-8F8C66E34703}.Release|Any CPU.Build.0 = Release|Any CPU
	EndGlobalSection
	GlobalSection(SolutionProperties) = preSolution
		HideSolutionNode = FALSE
	EndGlobalSection
	GlobalSection(ExtensibilityGlobals) = postSolution
		SolutionGuid = {B87A5BA5-3991-48D6-B429-C35C946EE0BE}
	EndGlobalSection
EndGlobal
