
Microsoft Visual Studio Solution File, Format Version 12.00
# Visual Studio Version 17
VisualStudioVersion = 17.5.002.0
MinimumVisualStudioVersion = 10.0.40219.1
Project("{9A19103F-16F7-4668-BE54-9A1E7A4F7556}") = "Shape_System", "Shape_System.csproj", "{8340D457-2FA6-4B95-AC5C-B696D671928A}"
EndProject
Global
	GlobalSection(SolutionConfigurationPlatforms) = preSolution
		Debug|Any CPU = Debug|Any CPU
		Release|Any CPU = Release|Any CPU
	EndGlobalSection
	GlobalSection(ProjectConfigurationPlatforms) = postSolution
		{8340D457-2FA6-4B95-AC5C-B696D671928A}.Debug|Any CPU.ActiveCfg = Debug|Any CPU
		{8340D457-2FA6-4B95-AC5C-B696D671928A}.Debug|Any CPU.Build.0 = Debug|Any CPU
		{8340D457-2FA6-4B95-AC5C-B696D671928A}.Release|Any CPU.ActiveCfg = Release|Any CPU
		{8340D457-2FA6-4B95-AC5C-B696D671928A}.Release|Any CPU.Build.0 = Release|Any CPU
	EndGlobalSection
	GlobalSection(SolutionProperties) = preSolution
		HideSolutionNode = FALSE
	EndGlobalSection
	GlobalSection(ExtensibilityGlobals) = postSolution
		SolutionGuid = {AD76EEDB-545A-4298-A399-9E766EA6E2EA}
	EndGlobalSection
EndGlobal
