
Microsoft Visual Studio Solution File, Format Version 12.00
# Visual Studio Version 17
VisualStudioVersion = 17.5.002.0
MinimumVisualStudioVersion = 10.0.40219.1
Project("{9A19103F-16F7-4668-BE54-9A1E7A4F7556}") = "Return_Statements", "Return_Statements.csproj", "{7CDAE3A6-5199-4D0F-B98B-0B92844ECC63}"
EndProject
Global
	GlobalSection(SolutionConfigurationPlatforms) = preSolution
		Debug|Any CPU = Debug|Any CPU
		Release|Any CPU = Release|Any CPU
	EndGlobalSection
	GlobalSection(ProjectConfigurationPlatforms) = postSolution
		{7CDAE3A6-5199-4D0F-B98B-0B92844ECC63}.Debug|Any CPU.ActiveCfg = Debug|Any CPU
		{7CDAE3A6-5199-4D0F-B98B-0B92844ECC63}.Debug|Any CPU.Build.0 = Debug|Any CPU
		{7CDAE3A6-5199-4D0F-B98B-0B92844ECC63}.Release|Any CPU.ActiveCfg = Release|Any CPU
		{7CDAE3A6-5199-4D0F-B98B-0B92844ECC63}.Release|Any CPU.Build.0 = Release|Any CPU
	EndGlobalSection
	GlobalSection(SolutionProperties) = preSolution
		HideSolutionNode = FALSE
	EndGlobalSection
	GlobalSection(ExtensibilityGlobals) = postSolution
		SolutionGuid = {DA286B88-77E7-405F-9B27-48377CD7E705}
	EndGlobalSection
EndGlobal
